version = 1
revision = 3
requires-python = ">=3.13"

[[package]]
name = "click"
version = "8.2.1"
source = { registry = "https://pypi.org/simple" }
dependencies = [
    { name = "colorama", marker = "sys_platform == 'win32'" },
]
sdist = { url = "https://files.pythonhosted.org/packages/60/6c/8ca2efa64cf75a977a0d7fac081354553ebe483345c734fb6b6515d96bbc/click-8.2.1.tar.gz", hash = "sha256:27c491cc05d968d271d5a1db13e3b5a184636d9d930f148c50b038f0d0646202", size = 286342, upload-time = "2025-05-20T23:19:49.832Z" }
wheels = [
    { url = "https://files.pythonhosted.org/packages/85/32/10bb5764d90a8eee674e9dc6f4db6a0ab47c8c4d0d83c27f7c39ac415a4d/click-8.2.1-py3-none-any.whl", hash = "sha256:61a3265b914e850b85317d0b3109c7f8cd35a670f963866005d6ef1d5175a12b", size = 102215, upload-time = "2025-05-20T23:19:47.796Z" },
]

[[package]]
name = "colorama"
version = "0.4.6"
source = { registry = "https://pypi.org/simple" }
sdist = { url = "https://files.pythonhosted.org/packages/d8/53/6f443c9a4a8358a93a6792e2acffb9d9d5cb0a5cfd8802644b7b1c9a02e4/colorama-0.4.6.tar.gz", hash = "sha256:08695f5cb7ed6e0531a20572697297273c47b8cae5a63ffc6d6ed5c201be6e44", size = 27697, upload-time = "2022-10-25T02:36:22.414Z" }
wheels = [
    { url = "https://files.pythonhosted.org/packages/d1/d6/3965ed04c63042e047cb6a3e6ed1a63a35087b6a609aa3a15ed8ac56c221/colorama-0.4.6-py2.py3-none-any.whl", hash = "sha256:4f1d9991f5acc0ca119f9d443620b77f9d6b33703e51011c16baf57afb285fc6", size = 25335, upload-time = "2022-10-25T02:36:20.889Z" },
]

[[package]]
name = "iniconfig"
version = "2.1.0"
source = { registry = "https://pypi.org/simple" }
sdist = { url = "https://files.pythonhosted.org/packages/f2/97/ebf4da567aa6827c909642694d71c9fcf53e5b504f2d96afea02718862f3/iniconfig-2.1.0.tar.gz", hash = "sha256:3abbd2e30b36733fee78f9c7f7308f2d0050e88f0087fd25c2645f63c773e1c7", size = 4793, upload-time = "2025-03-19T20:09:59.721Z" }
wheels = [
    { url = "https://files.pythonhosted.org/packages/2c/e1/e6716421ea10d38022b952c159d5161ca1193197fb744506875fbb87ea7b/iniconfig-2.1.0-py3-none-any.whl", hash = "sha256:9deba5723312380e77435581c6bf4935c94cbfab9b1ed33ef8d238ea168eb760", size = 6050, upload-time = "2025-03-19T20:10:01.071Z" },
]

[[package]]
name = "packaging"
version = "25.0"
source = { registry = "https://pypi.org/simple" }
sdist = { url = "https://files.pythonhosted.org/packages/a1/d4/1fc4078c65507b51b96ca8f8c3ba19e6a61c8253c72794544580a7b6c24d/packaging-25.0.tar.gz", hash = "sha256:d443872c98d677bf60f6a1f2f8c1cb748e8fe762d2bf9d3148b5599295b0fc4f", size = 165727, upload-time = "2025-04-19T11:48:59.673Z" }
wheels = [
    { url = "https://files.pythonhosted.org/packages/20/12/38679034af332785aac8774540895e234f4d07f7545804097de4b666afd8/packaging-25.0-py3-none-any.whl", hash = "sha256:29572ef2b1f17581046b3a2227d5c611fb25ec70ca1ba8554b24b0e69331a484", size = 66469, upload-time = "2025-04-19T11:48:57.875Z" },
]

[[package]]
name = "pluggy"
version = "1.6.0"
source = { registry = "https://pypi.org/simple" }
sdist = { url = "https://files.pythonhosted.org/packages/f9/e2/3e91f31a7d2b083fe6ef3fa267035b518369d9511ffab804f839851d2779/pluggy-1.6.0.tar.gz", hash = "sha256:7dcc130b76258d33b90f61b658791dede3486c3e6bfb003ee5c9bfb396dd22f3", size = 69412, upload-time = "2025-05-15T12:30:07.975Z" }
wheels = [
    { url = "https://files.pythonhosted.org/packages/54/20/4d324d65cc6d9205fabedc306948156824eb9f0ee1633355a8f7ec5c66bf/pluggy-1.6.0-py3-none-any.whl", hash = "sha256:e920276dd6813095e9377c0bc5566d94c932c33b27a3e3945d8389c374dd4746", size = 20538, upload-time = "2025-05-15T12:30:06.134Z" },
]

[[package]]
name = "pygments"
version = "2.19.2"
source = { registry = "https://pypi.org/simple" }
sdist = { url = "https://files.pythonhosted.org/packages/b0/77/a5b8c569bf593b0140bde72ea885a803b82086995367bf2037de0159d924/pygments-2.19.2.tar.gz", hash = "sha256:636cb2477cec7f8952536970bc533bc43743542f70392ae026374600add5b887", size = 4968631, upload-time = "2025-06-21T13:39:12.283Z" }
wheels = [
    { url = "https://files.pythonhosted.org/packages/c7/21/705964c7812476f378728bdf590ca4b771ec72385c533964653c68e86bdc/pygments-2.19.2-py3-none-any.whl", hash = "sha256:86540386c03d588bb81d44bc3928634ff26449851e99741617ecb9037ee5ec0b", size = 1225217, upload-time = "2025-06-21T13:39:07.939Z" },
]

[[package]]
name = "pytest"
version = "8.4.1"
source = { registry = "https://pypi.org/simple" }
dependencies = [
    { name = "colorama", marker = "sys_platform == 'win32'" },
    { name = "iniconfig" },
    { name = "packaging" },
    { name = "pluggy" },
    { name = "pygments" },
]
sdist = { url = "https://files.pythonhosted.org/packages/08/ba/45911d754e8eba3d5a841a5ce61a65a685ff1798421ac054f85aa8747dfb/pytest-8.4.1.tar.gz", hash = "sha256:7c67fd69174877359ed9371ec3af8a3d2b04741818c51e5e99cc1742251fa93c", size = 1517714, upload-time = "2025-06-18T05:48:06.109Z" }
wheels = [
    { url = "https://files.pythonhosted.org/packages/29/16/c8a903f4c4dffe7a12843191437d7cd8e32751d5de349d45d3fe69544e87/pytest-8.4.1-py3-none-any.whl", hash = "sha256:539c70ba6fcead8e78eebbf1115e8b589e7565830d7d006a8723f19ac8a0afb7", size = 365474, upload-time = "2025-06-18T05:48:03.955Z" },
]

[[package]]
name = "sesh"
version = "0.1.0"
source = { editable = "." }
dependencies = [
    { name = "click" },
    { name = "whenever" },
]

[package.dev-dependencies]
dev = [
    { name = "pytest" },
]

[package.metadata]
requires-dist = [
    { name = "click", specifier = ">=8.2.1" },
    { name = "whenever", specifier = ">=0.8.8" },
]

[package.metadata.requires-dev]
dev = [{ name = "pytest", specifier = ">=8.4.1" }]

[[package]]
name = "tzdata"
version = "2025.2"
source = { registry = "https://pypi.org/simple" }
sdist = { url = "https://files.pythonhosted.org/packages/95/32/1a225d6164441be760d75c2c42e2780dc0873fe382da3e98a2e1e48361e5/tzdata-2025.2.tar.gz", hash = "sha256:b60a638fcc0daffadf82fe0f57e53d06bdec2f36c4df66280ae79bce6bd6f2b9", size = 196380, upload-time = "2025-03-23T13:54:43.652Z" }
wheels = [
    { url = "https://files.pythonhosted.org/packages/5c/23/c7abc0ca0a1526a0774eca151daeb8de62ec457e77262b66b359c3c7679e/tzdata-2025.2-py2.py3-none-any.whl", hash = "sha256:1a403fada01ff9221ca8044d701868fa132215d84beb92242d9acd2147f667a8", size = 347839, upload-time = "2025-03-23T13:54:41.845Z" },
]

[[package]]
name = "whenever"
version = "0.8.8"
source = { registry = "https://pypi.org/simple" }
dependencies = [
    { name = "tzdata", marker = "sys_platform == 'win32'" },
]
sdist = { url = "https://files.pythonhosted.org/packages/4a/b6/0e871022a7a5ec9c80c3e19028c806a7a079b3e0aaa524e1a8ccfd52e6bf/whenever-0.8.8.tar.gz", hash = "sha256:d0674d410fbbcf495f6cca0f1f575279e402887d20e4c1ca7d11309cd41b8125", size = 235496, upload-time = "2025-07-24T20:59:42.467Z" }
wheels = [
    { url = "https://files.pythonhosted.org/packages/1f/31/5bf53c6ae051cec2ae23477bee58ea7e6d61ef1b4a5f012e8fd65fa14eec/whenever-0.8.8-cp313-cp313-macosx_10_12_x86_64.whl", hash = "sha256:809d56d01440b37b3dae4e3856ebf89322d51333bcddfecacacc235fff3f45c1", size = 391249, upload-time = "2025-07-24T20:59:25.297Z" },
    { url = "https://files.pythonhosted.org/packages/6a/95/0837ab424edb8568afecad9cf742bac1b4cd588bab8152ef26249c795c90/whenever-0.8.8-cp313-cp313-macosx_11_0_arm64.whl", hash = "sha256:a3b0e34a7afe367f245bcf3b8a9e581b6c09437d623001acf23207b08709837e", size = 375098, upload-time = "2025-07-24T20:59:18.543Z" },
    { url = "https://files.pythonhosted.org/packages/81/62/e28b36a7f478729cee8571bf1667ba77091f2d8638230af705cdd34e8450/whenever-0.8.8-cp313-cp313-manylinux_2_17_aarch64.manylinux2014_aarch64.whl", hash = "sha256:4d1b517eab4cd6edd13cbd7236b5bb3d1babf0606dd756141a6cc274580cee56", size = 396770, upload-time = "2025-07-24T20:58:18.064Z" },
    { url = "https://files.pythonhosted.org/packages/77/e4/8706da917832a43999142afd7f2f68aabf6bd109fd69142237e61461f787/whenever-0.8.8-cp313-cp313-manylinux_2_17_armv7l.manylinux2014_armv7l.whl", hash = "sha256:24c0e9074b6f73d60eadd0d8149c0d29c5b98b054f881d0a1140367c43c9ec94", size = 437294, upload-time = "2025-07-24T20:58:30.399Z" },
    { url = "https://files.pythonhosted.org/packages/07/87/6d39cb9adf6ef982f3b8471f786fa1330bf73b021e2619204b8934b716b1/whenever-0.8.8-cp313-cp313-manylinux_2_17_ppc64le.manylinux2014_ppc64le.whl", hash = "sha256:53b03e95f34d942e1e8c1c752d64e7166e7454112fbf6b4139d0eb9c017a17c6", size = 432762, upload-time = "2025-07-24T20:58:42.188Z" },
    { url = "https://files.pythonhosted.org/packages/c5/71/5f005ca40eb0d87804a3863f0c737cbd336e8d8bd234772809eb4dfa0ede/whenever-0.8.8-cp313-cp313-manylinux_2_17_s390x.manylinux2014_s390x.whl", hash = "sha256:5c63453e0603bc4583661fbabe9b68ef41059b02f3bef9d572a9668e3dc74793", size = 451525, upload-time = "2025-07-24T20:58:48.577Z" },
    { url = "https://files.pythonhosted.org/packages/c7/61/b5e123dd98e90caeedd8ed3ede06b52ca0e18d8d16dfad8133c954702451/whenever-0.8.8-cp313-cp313-manylinux_2_17_x86_64.manylinux2014_x86_64.whl", hash = "sha256:f1abba00ed463689d2d062eec36e5ea5f0d195d3fe6702121744592d5a234b09", size = 412819, upload-time = "2025-07-24T20:59:06.362Z" },
    { url = "https://files.pythonhosted.org/packages/93/a8/4897328754d8b7ffca335a473f5215380ad23651d19629e0c44290863ba3/whenever-0.8.8-cp313-cp313-manylinux_2_5_i686.manylinux1_i686.whl", hash = "sha256:a05df53c1fe75df0a58c188971d63bf0ada627dcb74f2e0c2ff0fb3dd8d7d097", size = 452053, upload-time = "2025-07-24T20:58:54.04Z" },
    { url = "https://files.pythonhosted.org/packages/74/c1/fcd83e53e33d5b36e6b97f127a230dc9439cd5b3dcc5a6e2f546364b4c98/whenever-0.8.8-cp313-cp313-musllinux_1_2_aarch64.whl", hash = "sha256:fc2dde25b43a9375f7940504f8688259540d2d9960e5c973771d7b96030e3c95", size = 574642, upload-time = "2025-07-24T20:58:24.295Z" },
    { url = "https://files.pythonhosted.org/packages/d5/bc/22df727937940c0c4a3f0bf492c2d1ca5c03ab79307f0966a585e6159d34/whenever-0.8.8-cp313-cp313-musllinux_1_2_armv7l.whl", hash = "sha256:7c190f049532157a737a565a4797099684511011e2e1bd57e2488b0f5802a9e6", size = 700563, upload-time = "2025-07-24T20:58:36.411Z" },
    { url = "https://files.pythonhosted.org/packages/35/b8/143cabfd63ec0d05dbc9bfb6ba30f8d871ff19f5f34654602fb9ecbd572a/whenever-0.8.8-cp313-cp313-musllinux_1_2_i686.whl", hash = "sha256:9815709758e58ceb751cfeb8ad222275e23b6ad512b5b7a956566bda70a1c6cd", size = 627103, upload-time = "2025-07-24T20:59:00.204Z" },
    { url = "https://files.pythonhosted.org/packages/2e/fd/f7359293eb3663f64da310db5a5e81be43943ffcdc27a3d62a92439f206f/whenever-0.8.8-cp313-cp313-musllinux_1_2_x86_64.whl", hash = "sha256:605f0f06b6afbc8c86ca6c1c49a2b69cacb63d6af0fd683bdb1293a2635c3ce5", size = 584172, upload-time = "2025-07-24T20:59:12.186Z" },
    { url = "https://files.pythonhosted.org/packages/06/9b/6aaa8d1de1988e93e72135a7c84e02fd831833134383f2eca293def2562d/whenever-0.8.8-cp313-cp313-win32.whl", hash = "sha256:eb8fee01a0955aa9cbf4cc5b348a8562d7f1d277d9d6d0b9da601c0d45ad7f83", size = 329904, upload-time = "2025-07-24T20:59:31.173Z" },
    { url = "https://files.pythonhosted.org/packages/03/8f/9446a951cb423d76a046b90ba18403488d3282091453407e663af6bf4b2a/whenever-0.8.8-cp313-cp313-win_amd64.whl", hash = "sha256:fd71c8ac5cc761efe3b2dece32c5d22d44368155e37d948132b475bd804914d3", size = 322288, upload-time = "2025-07-24T20:59:37.901Z" },
    { url = "https://files.pythonhosted.org/packages/e8/1b/6fbe6e7d4a477f7ca2fe9d4f4fcce0e243a145b45ee35adc55dc577bffa7/whenever-0.8.8-py3-none-any.whl", hash = "sha256:b63d58613af9e44bed80d4a61ba0427db069bdede28ad5365b40bbe375a12990", size = 53489, upload-time = "2025-07-24T20:59:41.163Z" },
]
